{
  "originHash" : "38cdaddffee365bfa3fb052d94832f10693b1a4ce6fea484979d6a050c665b4d",
  "pins" : [
    {
      "identity" : "app-check",
      "kind" : "remoteSourceControl",
      "location" : "https://github.com/google/app-check.git",
      "state" : {
        "revision" : "61b85103a1aeed8218f17c794687781505fbbef5",
        "version" : "11.2.0"
      }
    },
    {
      "identity" : "appauth-ios",
      "kind" : "remoteSourceControl",
      "location" : "https://github.com/openid/AppAuth-iOS.git",
      "state" : {
        "revision" : "c89ed571ae140f8eb1142735e6e23d7bb8c34cb2",
        "version" : "1.7.5"
      }
    },
    {
      "identity" : "googlesignin-ios",
      "kind" : "remoteSourceControl",
      "location" : "https://github.com/google/GoogleSignIn-iOS",
      "state" : {
        "revision" : "65fb3f1aa6ffbfdc79c4e22178a55cd91561f5e9",
        "version" : "8.0.0"
      }
    },
    {
      "identity" : "googleutilities",
      "kind" : "remoteSourceControl",
      "location" : "https://github.com/google/GoogleUtilities.git",
      "state" : {
        "revision" : "53156c7ec267db846e6b64c9f4c4e31ba4cf75eb",
        "version" : "8.0.2"
      }
    },
    {
      "identity" : "gtm-session-fetcher",
      "kind" : "remoteSourceControl",
      "location" : "https://github.com/google/gtm-session-fetcher.git",
      "state" : {
        "revision" : "a2ab612cb980066ee56d90d60d8462992c07f24b",
        "version" : "3.5.0"
      }
    },
    {
      "identity" : "gtmappauth",
      "kind" : "remoteSourceControl",
      "location" : "https://github.com/google/GTMAppAuth.git",
      "state" : {
        "revision" : "5d7d66f647400952b1758b230e019b07c0b4b22a",
        "version" : "4.1.1"
      }
    },
    {
      "identity" : "kingfisher",
      "kind" : "remoteSourceControl",
      "location" : "https://github.com/onevcat/Kingfisher",
      "state" : {
        "revision" : "c0940e241945e6378c01fbd45fd3815579d47ef5",
        "version" : "8.1.0"
      }
    },
    {
      "identity" : "panmodal",
      "kind" : "remoteSourceControl",
      "location" : "https://github.com/slackhq/PanModal",
      "state" : {
        "revision" : "b012aecb6b67a8e46369227f893c12544846613f",
        "version" : "1.2.7"
      }
    },
    {
      "identity" : "promises",
      "kind" : "remoteSourceControl",
      "location" : "https://github.com/google/promises.git",
      "state" : {
        "revision" : "540318ecedd63d883069ae7f1ed811a2df00b6ac",
        "version" : "2.4.0"
      }
    },
    {
      "identity" : "youtubeplayer-in-wkwebview",
      "kind" : "remoteSourceControl",
      "location" : "https://github.com/hmhv/YoutubePlayer-in-WKWebView",
      "state" : {
        "revision" : "3d24743643fd4460e40ca8f4cd844563d32bb05f",
        "version" : "0.3.11"
      }
    }
  ],
  "version" : 3
}
